
Microsoft Visual Studio Solution File, Format Version 12.00
# Visual Studio Version 16
VisualStudioVersion = 16.0.31729.503
MinimumVisualStudioVersion = 10.0.40219.1
Project("{FAE04EC0-301F-11D3-BF4B-00C04F79EFBC}") = "Atividade1", "Atividade1\Atividade1.csproj", "{46315769-A832-4746-ADC0-7DC28889BF3A}"
EndProject
Global
	GlobalSection(SolutionConfigurationPlatforms) = preSolution
		Debug|Any CPU = Debug|Any CPU
		Release|Any CPU = Release|Any CPU
	EndGlobalSection
	GlobalSection(ProjectConfigurationPlatforms) = postSolution
		{46315769-A832-4746-ADC0-7DC28889BF3A}.Debug|Any CPU.ActiveCfg = Debug|Any CPU
		{46315769-A832-4746-ADC0-7DC28889BF3A}.Debug|Any CPU.Build.0 = Debug|Any CPU
		{46315769-A832-4746-ADC0-7DC28889BF3A}.Release|Any CPU.ActiveCfg = Release|Any CPU
		{46315769-A832-4746-ADC0-7DC28889BF3A}.Release|Any CPU.Build.0 = Release|Any CPU
	EndGlobalSection
	GlobalSection(SolutionProperties) = preSolution
		HideSolutionNode = FALSE
	EndGlobalSection
	GlobalSection(ExtensibilityGlobals) = postSolution
		SolutionGuid = {9EFFA14F-3B1C-4996-B8D3-E5380BA30193}
	EndGlobalSection
EndGlobal
